
Microsoft Visual Studio Solution File, Format Version 12.00
# Visual Studio Version 17
VisualStudioVersion = 17.9.34622.214
MinimumVisualStudioVersion = 10.0.40219.1
Project("{FAE04EC0-301F-11D3-BF4B-00C04F79EFBC}") = "StringConcatSpanBenchmark", "src\StringConcatSpanBenchmark\StringConcatSpanBenchmark.csproj", "{D797F911-961E-4724-A8D9-0D453CA0A96A}"
EndProject
Global
	GlobalSection(SolutionConfigurationPlatforms) = preSolution
		Debug|Any CPU = Debug|Any CPU
		Release|Any CPU = Release|Any CPU
	EndGlobalSection
	GlobalSection(ProjectConfigurationPlatforms) = postSolution
		{D797F911-961E-4724-A8D9-0D453CA0A96A}.Debug|Any CPU.ActiveCfg = Debug|Any CPU
		{D797F911-961E-4724-A8D9-0D453CA0A96A}.Debug|Any CPU.Build.0 = Debug|Any CPU
		{D797F911-961E-4724-A8D9-0D453CA0A96A}.Release|Any CPU.ActiveCfg = Release|Any CPU
		{D797F911-961E-4724-A8D9-0D453CA0A96A}.Release|Any CPU.Build.0 = Release|Any CPU
	EndGlobalSection
	GlobalSection(SolutionProperties) = preSolution
		HideSolutionNode = FALSE
	EndGlobalSection
	GlobalSection(ExtensibilityGlobals) = postSolution
		SolutionGuid = {47175B9D-2C89-4387-8513-756D34A269F5}
	EndGlobalSection
EndGlobal
